
Microsoft Visual Studio Solution File, Format Version 12.00
# Visual Studio Version 17
VisualStudioVersion = 17.11.35312.102
MinimumVisualStudioVersion = 10.0.40219.1
Project("{9A19103F-16F7-4668-BE54-9A1E7A4F7556}") = "SumBillion", "SumBillion\SumBillion.csproj", "{D631677D-1963-48E9-BDCD-9B5740EBFE9E}"
EndProject
Project("{FAE04EC0-301F-11D3-BF4B-00C04F79EFBC}") = "MatrixMul", "MatrixMul\MatrixMul.csproj", "{4CF07017-629E-4155-A7AE-B35BF1CAF308}"
EndProject
Global
	GlobalSection(SolutionConfigurationPlatforms) = preSolution
		Debug|Any CPU = Debug|Any CPU
		Release|Any CPU = Release|Any CPU
	EndGlobalSection
	GlobalSection(ProjectConfigurationPlatforms) = postSolution
		{D631677D-1963-48E9-BDCD-9B5740EBFE9E}.Debug|Any CPU.ActiveCfg = Debug|Any CPU
		{D631677D-1963-48E9-BDCD-9B5740EBFE9E}.Debug|Any CPU.Build.0 = Debug|Any CPU
		{D631677D-1963-48E9-BDCD-9B5740EBFE9E}.Release|Any CPU.ActiveCfg = Release|Any CPU
		{D631677D-1963-48E9-BDCD-9B5740EBFE9E}.Release|Any CPU.Build.0 = Release|Any CPU
		{4CF07017-629E-4155-A7AE-B35BF1CAF308}.Debug|Any CPU.ActiveCfg = Debug|Any CPU
		{4CF07017-629E-4155-A7AE-B35BF1CAF308}.Debug|Any CPU.Build.0 = Debug|Any CPU
		{4CF07017-629E-4155-A7AE-B35BF1CAF308}.Release|Any CPU.ActiveCfg = Release|Any CPU
		{4CF07017-629E-4155-A7AE-B35BF1CAF308}.Release|Any CPU.Build.0 = Release|Any CPU
	EndGlobalSection
	GlobalSection(SolutionProperties) = preSolution
		HideSolutionNode = FALSE
	EndGlobalSection
	GlobalSection(ExtensibilityGlobals) = postSolution
		SolutionGuid = {40765D1D-7470-4BCF-AEEA-46B9A10FADF0}
	EndGlobalSection
EndGlobal
